
Microsoft Visual Studio Solution File, Format Version 12.00
# Visual Studio Version 17
VisualStudioVersion = 17.0.31903.59
MinimumVisualStudioVersion = 10.0.40219.1
Project("{FAE04EC0-301F-11D3-BF4B-00C04F79EFBC}") = "ExpenseGuard.Api", "ExpenseGuard.Api\ExpenseGuard.Api.csproj", "{A54A6157-F455-495C-8127-AB70CED18855}"
EndProject
Project("{FAE04EC0-301F-11D3-BF4B-00C04F79EFBC}") = "ExpenseGuard.Api.Tests", "ExpenseGuard.Api.Tests\ExpenseGuard.Api.Tests.csproj", "{0E76A509-8E63-4006-920A-5716068FDC1C}"
EndProject
Global
	GlobalSection(SolutionConfigurationPlatforms) = preSolution
		Debug|Any CPU = Debug|Any CPU
		Debug|x64 = Debug|x64
		Debug|x86 = Debug|x86
		Release|Any CPU = Release|Any CPU
		Release|x64 = Release|x64
		Release|x86 = Release|x86
	EndGlobalSection
	GlobalSection(ProjectConfigurationPlatforms) = postSolution
		{A54A6157-F455-495C-8127-AB70CED18855}.Debug|Any CPU.ActiveCfg = Debug|Any CPU
		{A54A6157-F455-495C-8127-AB70CED18855}.Debug|Any CPU.Build.0 = Debug|Any CPU
		{A54A6157-F455-495C-8127-AB70CED18855}.Debug|x64.ActiveCfg = Debug|Any CPU
		{A54A6157-F455-495C-8127-AB70CED18855}.Debug|x64.Build.0 = Debug|Any CPU
		{A54A6157-F455-495C-8127-AB70CED18855}.Debug|x86.ActiveCfg = Debug|Any CPU
		{A54A6157-F455-495C-8127-AB70CED18855}.Debug|x86.Build.0 = Debug|Any CPU
		{A54A6157-F455-495C-8127-AB70CED18855}.Release|Any CPU.ActiveCfg = Release|Any CPU
		{A54A6157-F455-495C-8127-AB70CED18855}.Release|Any CPU.Build.0 = Release|Any CPU
		{A54A6157-F455-495C-8127-AB70CED18855}.Release|x64.ActiveCfg = Release|Any CPU
		{A54A6157-F455-495C-8127-AB70CED18855}.Release|x64.Build.0 = Release|Any CPU
		{A54A6157-F455-495C-8127-AB70CED18855}.Release|x86.ActiveCfg = Release|Any CPU
		{A54A6157-F455-495C-8127-AB70CED18855}.Release|x86.Build.0 = Release|Any CPU
		{0E76A509-8E63-4006-920A-5716068FDC1C}.Debug|Any CPU.ActiveCfg = Debug|Any CPU
		{0E76A509-8E63-4006-920A-5716068FDC1C}.Debug|Any CPU.Build.0 = Debug|Any CPU
		{0E76A509-8E63-4006-920A-5716068FDC1C}.Debug|x64.ActiveCfg = Debug|Any CPU
		{0E76A509-8E63-4006-920A-5716068FDC1C}.Debug|x64.Build.0 = Debug|Any CPU
		{0E76A509-8E63-4006-920A-5716068FDC1C}.Debug|x86.ActiveCfg = Debug|Any CPU
		{0E76A509-8E63-4006-920A-5716068FDC1C}.Debug|x86.Build.0 = Debug|Any CPU
		{0E76A509-8E63-4006-920A-5716068FDC1C}.Release|Any CPU.ActiveCfg = Release|Any CPU
		{0E76A509-8E63-4006-920A-5716068FDC1C}.Release|Any CPU.Build.0 = Release|Any CPU
		{0E76A509-8E63-4006-920A-5716068FDC1C}.Release|x64.ActiveCfg = Release|Any CPU
		{0E76A509-8E63-4006-920A-5716068FDC1C}.Release|x64.Build.0 = Release|Any CPU
		{0E76A509-8E63-4006-920A-5716068FDC1C}.Release|x86.ActiveCfg = Release|Any CPU
		{0E76A509-8E63-4006-920A-5716068FDC1C}.Release|x86.Build.0 = Release|Any CPU
	EndGlobalSection
	GlobalSection(SolutionProperties) = preSolution
		HideSolutionNode = FALSE
	EndGlobalSection
EndGlobal
